
Microsoft Visual Studio Solution File, Format Version 12.00
# Visual Studio Version 17
VisualStudioVersion = 17.9.34622.214
MinimumVisualStudioVersion = 10.0.40219.1
Project("{8BC9CEB8-8B4A-11D0-8D11-00A0C91BC942}") = "AirGeadBanking", "AirGeadBanking\AirGeadBanking.vcxproj", "{048FE8E7-5FB3-4AD6-A978-1BAF2F6401E1}"
EndProject
Project("{8BC9CEB8-8B4A-11D0-8D11-00A0C91BC942}") = "TheClock", "Clock\Clock.vcxproj", "{9C1AC22E-1D41-4552-969E-3ACD2EED19AF}"
EndProject
Global
	GlobalSection(SolutionConfigurationPlatforms) = preSolution
		Debug|x64 = Debug|x64
		Debug|x86 = Debug|x86
		Release|x64 = Release|x64
		Release|x86 = Release|x86
	EndGlobalSection
	GlobalSection(ProjectConfigurationPlatforms) = postSolution
		{048FE8E7-5FB3-4AD6-A978-1BAF2F6401E1}.Debug|x64.ActiveCfg = Debug|x64
		{048FE8E7-5FB3-4AD6-A978-1BAF2F6401E1}.Debug|x64.Build.0 = Debug|x64
		{048FE8E7-5FB3-4AD6-A978-1BAF2F6401E1}.Debug|x86.ActiveCfg = Debug|Win32
		{048FE8E7-5FB3-4AD6-A978-1BAF2F6401E1}.Debug|x86.Build.0 = Debug|Win32
		{048FE8E7-5FB3-4AD6-A978-1BAF2F6401E1}.Release|x64.ActiveCfg = Release|x64
		{048FE8E7-5FB3-4AD6-A978-1BAF2F6401E1}.Release|x64.Build.0 = Release|x64
		{048FE8E7-5FB3-4AD6-A978-1BAF2F6401E1}.Release|x86.ActiveCfg = Release|Win32
		{048FE8E7-5FB3-4AD6-A978-1BAF2F6401E1}.Release|x86.Build.0 = Release|Win32
		{9C1AC22E-1D41-4552-969E-3ACD2EED19AF}.Debug|x64.ActiveCfg = Debug|x64
		{9C1AC22E-1D41-4552-969E-3ACD2EED19AF}.Debug|x64.Build.0 = Debug|x64
		{9C1AC22E-1D41-4552-969E-3ACD2EED19AF}.Debug|x86.ActiveCfg = Debug|Win32
		{9C1AC22E-1D41-4552-969E-3ACD2EED19AF}.Debug|x86.Build.0 = Debug|Win32
		{9C1AC22E-1D41-4552-969E-3ACD2EED19AF}.Release|x64.ActiveCfg = Release|x64
		{9C1AC22E-1D41-4552-969E-3ACD2EED19AF}.Release|x64.Build.0 = Release|x64
		{9C1AC22E-1D41-4552-969E-3ACD2EED19AF}.Release|x86.ActiveCfg = Release|Win32
		{9C1AC22E-1D41-4552-969E-3ACD2EED19AF}.Release|x86.Build.0 = Release|Win32
	EndGlobalSection
	GlobalSection(SolutionProperties) = preSolution
		HideSolutionNode = FALSE
	EndGlobalSection
	GlobalSection(ExtensibilityGlobals) = postSolution
		SolutionGuid = {B12A1A66-8A2B-4BBB-A567-0CDC5A9560DF}
	EndGlobalSection
EndGlobal
