
Microsoft Visual Studio Solution File, Format Version 12.00
# Visual Studio Version 17
VisualStudioVersion = 17.9.34622.214
MinimumVisualStudioVersion = 10.0.40219.1
Project("{8BC9CEB8-8B4A-11D0-8D11-00A0C91BC942}") = "AirGeadBanking", "AirGeadBanking\AirGeadBanking.vcxproj", "{048FE8E7-5FB3-4AD6-A978-1BAF2F6401E1}"
EndProject
Project("{8BC9CEB8-8B4A-11D0-8D11-00A0C91BC942}") = "Clock", "Clock\Clock.vcxproj", "{9C1AC22E-1D41-4552-969E-3ACD2EED19AF}"
	ProjectSection(ProjectDependencies) = postProject
		{5CBC5B0B-F356-44EA-B9A8-D55E0D6A2ED8} = {5CBC5B0B-F356-44EA-B9A8-D55E0D6A2ED8}
	EndProjectSection
EndProject
Project("{8BC9CEB8-8B4A-11D0-8D11-00A0C91BC942}") = "MiniUtils", "MiniUtils\MiniUtils.vcxproj", "{5CBC5B0B-F356-44EA-B9A8-D55E0D6A2ED8}"
EndProject
Project("{8BC9CEB8-8B4A-11D0-8D11-00A0C91BC942}") = "ItemTracker", "ItemTracker\ItemTracker.vcxproj", "{2E96EC48-AB57-4116-9284-DC31B05F0F23}"
EndProject
Project("{8BC9CEB8-8B4A-11D0-8D11-00A0C91BC942}") = "ItemTrackerTest", "ItemTrackerTest\ItemTrackerTest.vcxproj", "{3D6B9095-D758-4F40-BE8D-7073110067A8}"
EndProject
Global
	GlobalSection(SolutionConfigurationPlatforms) = preSolution
		Debug|x64 = Debug|x64
		Debug|x86 = Debug|x86
		Release|x64 = Release|x64
		Release|x86 = Release|x86
	EndGlobalSection
	GlobalSection(ProjectConfigurationPlatforms) = postSolution
		{048FE8E7-5FB3-4AD6-A978-1BAF2F6401E1}.Debug|x64.ActiveCfg = Debug|x64
		{048FE8E7-5FB3-4AD6-A978-1BAF2F6401E1}.Debug|x64.Build.0 = Debug|x64
		{048FE8E7-5FB3-4AD6-A978-1BAF2F6401E1}.Debug|x86.ActiveCfg = Debug|Win32
		{048FE8E7-5FB3-4AD6-A978-1BAF2F6401E1}.Debug|x86.Build.0 = Debug|Win32
		{048FE8E7-5FB3-4AD6-A978-1BAF2F6401E1}.Release|x64.ActiveCfg = Release|x64
		{048FE8E7-5FB3-4AD6-A978-1BAF2F6401E1}.Release|x64.Build.0 = Release|x64
		{048FE8E7-5FB3-4AD6-A978-1BAF2F6401E1}.Release|x86.ActiveCfg = Release|Win32
		{048FE8E7-5FB3-4AD6-A978-1BAF2F6401E1}.Release|x86.Build.0 = Release|Win32
		{9C1AC22E-1D41-4552-969E-3ACD2EED19AF}.Debug|x64.ActiveCfg = Debug|x64
		{9C1AC22E-1D41-4552-969E-3ACD2EED19AF}.Debug|x64.Build.0 = Debug|x64
		{9C1AC22E-1D41-4552-969E-3ACD2EED19AF}.Debug|x86.ActiveCfg = Debug|Win32
		{9C1AC22E-1D41-4552-969E-3ACD2EED19AF}.Debug|x86.Build.0 = Debug|Win32
		{9C1AC22E-1D41-4552-969E-3ACD2EED19AF}.Release|x64.ActiveCfg = Release|x64
		{9C1AC22E-1D41-4552-969E-3ACD2EED19AF}.Release|x64.Build.0 = Release|x64
		{9C1AC22E-1D41-4552-969E-3ACD2EED19AF}.Release|x86.ActiveCfg = Release|Win32
		{9C1AC22E-1D41-4552-969E-3ACD2EED19AF}.Release|x86.Build.0 = Release|Win32
		{5CBC5B0B-F356-44EA-B9A8-D55E0D6A2ED8}.Debug|x64.ActiveCfg = Debug|x64
		{5CBC5B0B-F356-44EA-B9A8-D55E0D6A2ED8}.Debug|x64.Build.0 = Debug|x64
		{5CBC5B0B-F356-44EA-B9A8-D55E0D6A2ED8}.Debug|x86.ActiveCfg = Debug|Win32
		{5CBC5B0B-F356-44EA-B9A8-D55E0D6A2ED8}.Debug|x86.Build.0 = Debug|Win32
		{5CBC5B0B-F356-44EA-B9A8-D55E0D6A2ED8}.Release|x64.ActiveCfg = Release|x64
		{5CBC5B0B-F356-44EA-B9A8-D55E0D6A2ED8}.Release|x64.Build.0 = Release|x64
		{5CBC5B0B-F356-44EA-B9A8-D55E0D6A2ED8}.Release|x86.ActiveCfg = Release|Win32
		{5CBC5B0B-F356-44EA-B9A8-D55E0D6A2ED8}.Release|x86.Build.0 = Release|Win32
		{2E96EC48-AB57-4116-9284-DC31B05F0F23}.Debug|x64.ActiveCfg = Debug|x64
		{2E96EC48-AB57-4116-9284-DC31B05F0F23}.Debug|x64.Build.0 = Debug|x64
		{2E96EC48-AB57-4116-9284-DC31B05F0F23}.Debug|x86.ActiveCfg = Debug|Win32
		{2E96EC48-AB57-4116-9284-DC31B05F0F23}.Debug|x86.Build.0 = Debug|Win32
		{2E96EC48-AB57-4116-9284-DC31B05F0F23}.Release|x64.ActiveCfg = Release|x64
		{2E96EC48-AB57-4116-9284-DC31B05F0F23}.Release|x64.Build.0 = Release|x64
		{2E96EC48-AB57-4116-9284-DC31B05F0F23}.Release|x86.ActiveCfg = Release|Win32
		{2E96EC48-AB57-4116-9284-DC31B05F0F23}.Release|x86.Build.0 = Release|Win32
		{3D6B9095-D758-4F40-BE8D-7073110067A8}.Debug|x64.ActiveCfg = Debug|x64
		{3D6B9095-D758-4F40-BE8D-7073110067A8}.Debug|x64.Build.0 = Debug|x64
		{3D6B9095-D758-4F40-BE8D-7073110067A8}.Debug|x86.ActiveCfg = Debug|Win32
		{3D6B9095-D758-4F40-BE8D-7073110067A8}.Debug|x86.Build.0 = Debug|Win32
		{3D6B9095-D758-4F40-BE8D-7073110067A8}.Release|x64.ActiveCfg = Release|x64
		{3D6B9095-D758-4F40-BE8D-7073110067A8}.Release|x64.Build.0 = Release|x64
		{3D6B9095-D758-4F40-BE8D-7073110067A8}.Release|x86.ActiveCfg = Release|Win32
		{3D6B9095-D758-4F40-BE8D-7073110067A8}.Release|x86.Build.0 = Release|Win32
	EndGlobalSection
	GlobalSection(SolutionProperties) = preSolution
		HideSolutionNode = FALSE
	EndGlobalSection
	GlobalSection(ExtensibilityGlobals) = postSolution
		SolutionGuid = {B12A1A66-8A2B-4BBB-A567-0CDC5A9560DF}
	EndGlobalSection
EndGlobal
